
Microsoft Visual Studio Solution File, Format Version 12.00
# Visual Studio Version 17
VisualStudioVersion = 17.1.32407.343
MinimumVisualStudioVersion = 10.0.40219.1
Project("{FAE04EC0-301F-11D3-BF4B-00C04F79EFBC}") = "Rent.Domain", "Src\Core\Rent.Domain\Rent.Domain.csproj", "{4BB15BA9-AD26-4DC0-B3AD-B8849117A9AD}"
EndProject
Project("{2150E333-8FDC-42A3-9474-1A3956D46DE8}") = "Src", "Src", "{FA5EC4EE-7747-4FF7-BEA2-100E2C79CF8F}"
EndProject
Project("{2150E333-8FDC-42A3-9474-1A3956D46DE8}") = "Core", "Core", "{FE9C21EB-2DBB-4A54-8BF4-E79E47159B6D}"
EndProject
Project("{FAE04EC0-301F-11D3-BF4B-00C04F79EFBC}") = "Rent.DataAccess", "Src\Core\Rent.DataAccess\Rent.DataAccess.csproj", "{F911ADE4-0917-4EE3-B538-FAB4E534E2A5}"
EndProject
Project("{2150E333-8FDC-42A3-9474-1A3956D46DE8}") = "Infrastructure", "Infrastructure", "{B010ED40-9FBF-4B67-84C3-E7DD8FAD17B9}"
EndProject
Project("{FAE04EC0-301F-11D3-BF4B-00C04F79EFBC}") = "Rent.Core", "Src\Core\Rent.Core\Rent.Core.csproj", "{33C3CA8C-F502-4AF2-882D-C1EDACEBBB05}"
EndProject
Project("{2150E333-8FDC-42A3-9474-1A3956D46DE8}") = "UI", "UI", "{7F5DB61A-9CF9-45FF-8C14-9A56D5D7CF65}"
EndProject
Project("{FAE04EC0-301F-11D3-BF4B-00C04F79EFBC}") = "Rent.Business", "Src\Infrastructure\Rent.Business\Rent.Business.csproj", "{1D3A1F6F-9FD9-4D23-8316-BA54D2EF558D}"
EndProject
Project("{FAE04EC0-301F-11D3-BF4B-00C04F79EFBC}") = "Rent.WinUI", "Src\Client\Rent.WinUI\Rent.WinUI.csproj", "{5ACD017F-6849-43B8-98BB-5D56BF18989A}"
EndProject
Project("{2150E333-8FDC-42A3-9474-1A3956D46DE8}") = "Services", "Services", "{7FF42A3D-F502-4319-BD8F-93B6FD16FB6E}"
EndProject
Project("{FAE04EC0-301F-11D3-BF4B-00C04F79EFBC}") = "Rent.Service", "Rent.Service\Rent.Service.csproj", "{88E968E3-BBE7-4C4D-ACD9-D7CF038C237D}"
EndProject
Project("{FAE04EC0-301F-11D3-BF4B-00C04F79EFBC}") = "Rent.Shared", "Rent.Shared\Rent.Shared.csproj", "{A483C77E-062F-484C-9D79-083523B80259}"
EndProject
Global
	GlobalSection(SolutionConfigurationPlatforms) = preSolution
		Debug|Any CPU = Debug|Any CPU
		Release|Any CPU = Release|Any CPU
	EndGlobalSection
	GlobalSection(ProjectConfigurationPlatforms) = postSolution
		{4BB15BA9-AD26-4DC0-B3AD-B8849117A9AD}.Debug|Any CPU.ActiveCfg = Debug|Any CPU
		{4BB15BA9-AD26-4DC0-B3AD-B8849117A9AD}.Debug|Any CPU.Build.0 = Debug|Any CPU
		{4BB15BA9-AD26-4DC0-B3AD-B8849117A9AD}.Release|Any CPU.ActiveCfg = Release|Any CPU
		{4BB15BA9-AD26-4DC0-B3AD-B8849117A9AD}.Release|Any CPU.Build.0 = Release|Any CPU
		{F911ADE4-0917-4EE3-B538-FAB4E534E2A5}.Debug|Any CPU.ActiveCfg = Debug|Any CPU
		{F911ADE4-0917-4EE3-B538-FAB4E534E2A5}.Debug|Any CPU.Build.0 = Debug|Any CPU
		{F911ADE4-0917-4EE3-B538-FAB4E534E2A5}.Release|Any CPU.ActiveCfg = Release|Any CPU
		{F911ADE4-0917-4EE3-B538-FAB4E534E2A5}.Release|Any CPU.Build.0 = Release|Any CPU
		{33C3CA8C-F502-4AF2-882D-C1EDACEBBB05}.Debug|Any CPU.ActiveCfg = Debug|Any CPU
		{33C3CA8C-F502-4AF2-882D-C1EDACEBBB05}.Debug|Any CPU.Build.0 = Debug|Any CPU
		{33C3CA8C-F502-4AF2-882D-C1EDACEBBB05}.Release|Any CPU.ActiveCfg = Release|Any CPU
		{33C3CA8C-F502-4AF2-882D-C1EDACEBBB05}.Release|Any CPU.Build.0 = Release|Any CPU
		{1D3A1F6F-9FD9-4D23-8316-BA54D2EF558D}.Debug|Any CPU.ActiveCfg = Debug|Any CPU
		{1D3A1F6F-9FD9-4D23-8316-BA54D2EF558D}.Debug|Any CPU.Build.0 = Debug|Any CPU
		{1D3A1F6F-9FD9-4D23-8316-BA54D2EF558D}.Release|Any CPU.ActiveCfg = Release|Any CPU
		{1D3A1F6F-9FD9-4D23-8316-BA54D2EF558D}.Release|Any CPU.Build.0 = Release|Any CPU
		{5ACD017F-6849-43B8-98BB-5D56BF18989A}.Debug|Any CPU.ActiveCfg = Debug|Any CPU
		{5ACD017F-6849-43B8-98BB-5D56BF18989A}.Debug|Any CPU.Build.0 = Debug|Any CPU
		{5ACD017F-6849-43B8-98BB-5D56BF18989A}.Release|Any CPU.ActiveCfg = Release|Any CPU
		{5ACD017F-6849-43B8-98BB-5D56BF18989A}.Release|Any CPU.Build.0 = Release|Any CPU
		{88E968E3-BBE7-4C4D-ACD9-D7CF038C237D}.Debug|Any CPU.ActiveCfg = Debug|Any CPU
		{88E968E3-BBE7-4C4D-ACD9-D7CF038C237D}.Debug|Any CPU.Build.0 = Debug|Any CPU
		{88E968E3-BBE7-4C4D-ACD9-D7CF038C237D}.Release|Any CPU.ActiveCfg = Release|Any CPU
		{88E968E3-BBE7-4C4D-ACD9-D7CF038C237D}.Release|Any CPU.Build.0 = Release|Any CPU
		{A483C77E-062F-484C-9D79-083523B80259}.Debug|Any CPU.ActiveCfg = Debug|Any CPU
		{A483C77E-062F-484C-9D79-083523B80259}.Debug|Any CPU.Build.0 = Debug|Any CPU
		{A483C77E-062F-484C-9D79-083523B80259}.Release|Any CPU.ActiveCfg = Release|Any CPU
		{A483C77E-062F-484C-9D79-083523B80259}.Release|Any CPU.Build.0 = Release|Any CPU
	EndGlobalSection
	GlobalSection(SolutionProperties) = preSolution
		HideSolutionNode = FALSE
	EndGlobalSection
	GlobalSection(NestedProjects) = preSolution
		{4BB15BA9-AD26-4DC0-B3AD-B8849117A9AD} = {FE9C21EB-2DBB-4A54-8BF4-E79E47159B6D}
		{FE9C21EB-2DBB-4A54-8BF4-E79E47159B6D} = {FA5EC4EE-7747-4FF7-BEA2-100E2C79CF8F}
		{F911ADE4-0917-4EE3-B538-FAB4E534E2A5} = {FE9C21EB-2DBB-4A54-8BF4-E79E47159B6D}
		{B010ED40-9FBF-4B67-84C3-E7DD8FAD17B9} = {FA5EC4EE-7747-4FF7-BEA2-100E2C79CF8F}
		{33C3CA8C-F502-4AF2-882D-C1EDACEBBB05} = {FE9C21EB-2DBB-4A54-8BF4-E79E47159B6D}
		{7F5DB61A-9CF9-45FF-8C14-9A56D5D7CF65} = {FA5EC4EE-7747-4FF7-BEA2-100E2C79CF8F}
		{1D3A1F6F-9FD9-4D23-8316-BA54D2EF558D} = {B010ED40-9FBF-4B67-84C3-E7DD8FAD17B9}
		{5ACD017F-6849-43B8-98BB-5D56BF18989A} = {7F5DB61A-9CF9-45FF-8C14-9A56D5D7CF65}
		{7FF42A3D-F502-4319-BD8F-93B6FD16FB6E} = {FA5EC4EE-7747-4FF7-BEA2-100E2C79CF8F}
		{88E968E3-BBE7-4C4D-ACD9-D7CF038C237D} = {7FF42A3D-F502-4319-BD8F-93B6FD16FB6E}
		{A483C77E-062F-484C-9D79-083523B80259} = {FE9C21EB-2DBB-4A54-8BF4-E79E47159B6D}
	EndGlobalSection
	GlobalSection(ExtensibilityGlobals) = postSolution
		SolutionGuid = {53040752-8D6F-46B1-85C3-9E78CD75A13A}
	EndGlobalSection
EndGlobal
